{
  "object": {
    "pins": [
      {
        "package": "InngageIos",
        "repositoryURL": "https://github.com/inngage/inngage-ios",
        "state": {
          "branch": "feature/swift-package",
          "revision": "5d0ca3db4fc6553c99a90dce4e6d1e330c931297",
          "version": null
        }
      }
    ]
  },
  "version": 1
}
