PODS:
  - Inngage/Core (1.0.0):
    - Inngage/Shared
  - Inngage/NotificationExtension (1.0.0):
    - Inngage/Core
    - Inngage/Shared
  - Inngage/Shared (1.0.0)

DEPENDENCIES:
  - Inngage/Core (from `../`)
  - Inngage/NotificationExtension (from `../`)

EXTERNAL SOURCES:
  Inngage:
    :path: "../"

SPEC CHECKSUMS:
  Inngage: 4c132d68f3379ae712e11af34f706f31f4d904d2

PODFILE CHECKSUM: 99faaaa095ca0f1be12c95084cd99653fc519378

COCOAPODS: 1.9.3
