// !$*UTF8*$!
{
	archiveVersion = 1;
	classes = {
	};
	objectVersion = 46;
	objects = {

/* Begin PBXAggregateTarget section */
		7FEDA1B51C57EB57004C7A36 /* Framework */ = {
			isa = PBXAggregateTarget;
			buildConfigurationList = 7FEDA1B61C57EB58004C7A36 /* Build configuration list for PBXAggregateTarget "Framework" */;
			buildPhases = (
				7FEDA1BB1C57EB78004C7A36 /* ShellScript */,
			);
			dependencies = (
				31A52A471ED705E000544871 /* PBXTargetDependency */,
				31A52A491ED705E000544871 /* PBXTargetDependency */,
			);
			name = Framework;
			productName = Framework;
		};
/* End PBXAggregateTarget section */

/* Begin PBXBuildFile section */
		31A52A341ED704AB00544871 /* ic_close_3x.png in Resources */ = {isa = PBXBuildFile; fileRef = 31A52A271ED704AB00544871 /* ic_close_3x.png */; };
		31A52A351ED704AB00544871 /* WebViewProgress.h in Headers */ = {isa = PBXBuildFile; fileRef = 31A52A2A1ED704AB00544871 /* WebViewProgress.h */; };
		31A52A361ED704AB00544871 /* WebViewProgress.m in Sources */ = {isa = PBXBuildFile; fileRef = 31A52A2B1ED704AB00544871 /* WebViewProgress.m */; };
		31A52A381ED704AB00544871 /* WebViewProgressView.h in Headers */ = {isa = PBXBuildFile; fileRef = 31A52A2C1ED704AB00544871 /* WebViewProgressView.h */; };
		31A52A391ED704AB00544871 /* WebViewProgressView.m in Sources */ = {isa = PBXBuildFile; fileRef = 31A52A2D1ED704AB00544871 /* WebViewProgressView.m */; };
		31A52A3C1ED704AB00544871 /* PushNotificationManager.h in Headers */ = {isa = PBXBuildFile; fileRef = 31A52A2F1ED704AB00544871 /* PushNotificationManager.h */; settings = {ATTRIBUTES = (Public, ); }; };
		31A52A3D1ED704AB00544871 /* PushNotificationManager.m in Sources */ = {isa = PBXBuildFile; fileRef = 31A52A301ED704AB00544871 /* PushNotificationManager.m */; };
		31A52A3F1ED704AB00544871 /* WebViewViewController.h in Headers */ = {isa = PBXBuildFile; fileRef = 31A52A311ED704AB00544871 /* WebViewViewController.h */; };
		31A52A401ED704AB00544871 /* WebViewViewController.m in Sources */ = {isa = PBXBuildFile; fileRef = 31A52A321ED704AB00544871 /* WebViewViewController.m */; };
		31A52A421ED704AB00544871 /* WebViewViewController.xib in Resources */ = {isa = PBXBuildFile; fileRef = 31A52A331ED704AB00544871 /* WebViewViewController.xib */; };
		31C8E4331FA7420C0011E376 /* InngageAnimatedGIF.m in Sources */ = {isa = PBXBuildFile; fileRef = 31C8E4321FA741FD0011E376 /* InngageAnimatedGIF.m */; };
		31C8E4341FA742100011E376 /* InngageAnimatedGIF.h in Headers */ = {isa = PBXBuildFile; fileRef = 31C8E4311FA741FD0011E376 /* InngageAnimatedGIF.h */; settings = {ATTRIBUTES = (Public, ); }; };
		4F68653725C384E2002C7C2A /* HardwareManager.h in Headers */ = {isa = PBXBuildFile; fileRef = 4F68653525C384E2002C7C2A /* HardwareManager.h */; };
		4F68653825C384E2002C7C2A /* HardwareManager.m in Sources */ = {isa = PBXBuildFile; fileRef = 4F68653625C384E2002C7C2A /* HardwareManager.m */; };
		4F68653F25C38696002C7C2A /* DeviceInformation.h in Headers */ = {isa = PBXBuildFile; fileRef = 4F68653D25C38696002C7C2A /* DeviceInformation.h */; };
		4F68654025C38696002C7C2A /* DeviceInformation.m in Sources */ = {isa = PBXBuildFile; fileRef = 4F68653E25C38696002C7C2A /* DeviceInformation.m */; };
		4F68654625C386F9002C7C2A /* DeviceInformationData.h in Headers */ = {isa = PBXBuildFile; fileRef = 4F68654425C386F9002C7C2A /* DeviceInformationData.h */; };
		4F68654725C386F9002C7C2A /* DeviceInformationData.m in Sources */ = {isa = PBXBuildFile; fileRef = 4F68654525C386F9002C7C2A /* DeviceInformationData.m */; };
		4FB4B12B25C38CD800B6047F /* AppManager.h in Headers */ = {isa = PBXBuildFile; fileRef = 4FB4B12925C38CD800B6047F /* AppManager.h */; };
		4FB4B12C25C38CD800B6047F /* AppManager.m in Sources */ = {isa = PBXBuildFile; fileRef = 4FB4B12A25C38CD800B6047F /* AppManager.m */; };
		4FB4B13625C3A06100B6047F /* ServiceManager.h in Headers */ = {isa = PBXBuildFile; fileRef = 4FB4B13425C3A06100B6047F /* ServiceManager.h */; };
		4FB4B13725C3A06100B6047F /* ServiceManager.m in Sources */ = {isa = PBXBuildFile; fileRef = 4FB4B13525C3A06100B6047F /* ServiceManager.m */; };
		4FB4B13E25C3A6AD00B6047F /* AlertManager.h in Headers */ = {isa = PBXBuildFile; fileRef = 4FB4B13C25C3A6AD00B6047F /* AlertManager.h */; };
		4FB4B13F25C3A6AD00B6047F /* AlertManager.m in Sources */ = {isa = PBXBuildFile; fileRef = 4FB4B13D25C3A6AD00B6047F /* AlertManager.m */; };
		4FB4B19625C4C84F00B6047F /* WebKit.framework in Frameworks */ = {isa = PBXBuildFile; fileRef = 4FB4B19525C4C84F00B6047F /* WebKit.framework */; };
		4FE2F38F25CA265E00079835 /* URLSchemeManager.h in Headers */ = {isa = PBXBuildFile; fileRef = 4FE2F38D25CA265E00079835 /* URLSchemeManager.h */; };
		4FE2F39025CA265E00079835 /* URLSchemeManager.m in Sources */ = {isa = PBXBuildFile; fileRef = 4FE2F38E25CA265E00079835 /* URLSchemeManager.m */; };
		4FE2F55F25CB761700079835 /* Config.xcconfig in Resources */ = {isa = PBXBuildFile; fileRef = 4FE2F55E25CB761700079835 /* Config.xcconfig */; };
		4FFEBD9225C6DBB200B717AD /* NotificationManager.h in Headers */ = {isa = PBXBuildFile; fileRef = 4FFEBD9025C6DBB100B717AD /* NotificationManager.h */; settings = {ATTRIBUTES = (Public, ); }; };
		4FFEBD9325C6DBB200B717AD /* NotificationManager.m in Sources */ = {isa = PBXBuildFile; fileRef = 4FFEBD9125C6DBB100B717AD /* NotificationManager.m */; };
		4FFEBDAA25C722E500B717AD /* ImageUtils.h in Headers */ = {isa = PBXBuildFile; fileRef = 4FFEBDA825C722E500B717AD /* ImageUtils.h */; };
		4FFEBDAB25C722E500B717AD /* ImageUtils.m in Sources */ = {isa = PBXBuildFile; fileRef = 4FFEBDA925C722E500B717AD /* ImageUtils.m */; };
		4FFEBDB425C7277F00B717AD /* MimeType.h in Headers */ = {isa = PBXBuildFile; fileRef = 4FFEBDB225C7277F00B717AD /* MimeType.h */; settings = {ATTRIBUTES = (Public, ); }; };
		4FFEBDB525C7277F00B717AD /* MimeType.m in Sources */ = {isa = PBXBuildFile; fileRef = 4FFEBDB325C7277F00B717AD /* MimeType.m */; };
		4FFEBDC425C73F4500B717AD /* FileLocation.h in Headers */ = {isa = PBXBuildFile; fileRef = 4FFEBDC225C73F4500B717AD /* FileLocation.h */; };
		4FFEBDC525C73F4500B717AD /* FileLocation.m in Sources */ = {isa = PBXBuildFile; fileRef = 4FFEBDC325C73F4500B717AD /* FileLocation.m */; };
/* End PBXBuildFile section */

/* Begin PBXContainerItemProxy section */
		31A52A461ED705E000544871 /* PBXContainerItemProxy */ = {
			isa = PBXContainerItemProxy;
			containerPortal = 757B622B1BEA62BD00C4A950 /* Project object */;
			proxyType = 1;
			remoteGlobalIDString = 757B62321BEA62BD00C4A950;
			remoteInfo = InngageLibrary;
		};
		31A52A481ED705E000544871 /* PBXContainerItemProxy */ = {
			isa = PBXContainerItemProxy;
			containerPortal = 757B622B1BEA62BD00C4A950 /* Project object */;
			proxyType = 1;
			remoteGlobalIDString = 757B625A1BEA713300C4A950;
			remoteInfo = InngageLibraryResources;
		};
/* End PBXContainerItemProxy section */

/* Begin PBXCopyFilesBuildPhase section */
		757B62311BEA62BD00C4A950 /* Copy Files */ = {
			isa = PBXCopyFilesBuildPhase;
			buildActionMask = 2147483647;
			dstPath = "include/$(PRODUCT_NAME)";
			dstSubfolderSpec = 16;
			files = (
			);
			name = "Copy Files";
			runOnlyForDeploymentPostprocessing = 0;
		};
/* End PBXCopyFilesBuildPhase section */

/* Begin PBXFileReference section */
		31A52A271ED704AB00544871 /* ic_close_3x.png */ = {isa = PBXFileReference; lastKnownFileType = image.png; path = ic_close_3x.png; sourceTree = "<group>"; };
		31A52A2A1ED704AB00544871 /* WebViewProgress.h */ = {isa = PBXFileReference; fileEncoding = 4; lastKnownFileType = sourcecode.c.h; path = WebViewProgress.h; sourceTree = "<group>"; };
		31A52A2B1ED704AB00544871 /* WebViewProgress.m */ = {isa = PBXFileReference; fileEncoding = 4; lastKnownFileType = sourcecode.c.objc; path = WebViewProgress.m; sourceTree = "<group>"; };
		31A52A2C1ED704AB00544871 /* WebViewProgressView.h */ = {isa = PBXFileReference; fileEncoding = 4; lastKnownFileType = sourcecode.c.h; path = WebViewProgressView.h; sourceTree = "<group>"; };
		31A52A2D1ED704AB00544871 /* WebViewProgressView.m */ = {isa = PBXFileReference; fileEncoding = 4; lastKnownFileType = sourcecode.c.objc; path = WebViewProgressView.m; sourceTree = "<group>"; };
		31A52A2E1ED704AB00544871 /* PushNotificationManager-Prefix.pch */ = {isa = PBXFileReference; fileEncoding = 4; lastKnownFileType = sourcecode.c.h; path = "PushNotificationManager-Prefix.pch"; sourceTree = "<group>"; };
		31A52A2F1ED704AB00544871 /* PushNotificationManager.h */ = {isa = PBXFileReference; fileEncoding = 4; lastKnownFileType = sourcecode.c.h; path = PushNotificationManager.h; sourceTree = "<group>"; };
		31A52A301ED704AB00544871 /* PushNotificationManager.m */ = {isa = PBXFileReference; fileEncoding = 4; lastKnownFileType = sourcecode.c.objc; path = PushNotificationManager.m; sourceTree = "<group>"; };
		31A52A311ED704AB00544871 /* WebViewViewController.h */ = {isa = PBXFileReference; fileEncoding = 4; lastKnownFileType = sourcecode.c.h; path = WebViewViewController.h; sourceTree = "<group>"; };
		31A52A321ED704AB00544871 /* WebViewViewController.m */ = {isa = PBXFileReference; fileEncoding = 4; lastKnownFileType = sourcecode.c.objc; path = WebViewViewController.m; sourceTree = "<group>"; };
		31A52A331ED704AB00544871 /* WebViewViewController.xib */ = {isa = PBXFileReference; fileEncoding = 4; lastKnownFileType = file.xib; path = WebViewViewController.xib; sourceTree = "<group>"; };
		31A52A441ED7051F00544871 /* Info.plist */ = {isa = PBXFileReference; fileEncoding = 4; lastKnownFileType = text.plist.xml; path = Info.plist; sourceTree = "<group>"; };
		31C8E4311FA741FD0011E376 /* InngageAnimatedGIF.h */ = {isa = PBXFileReference; lastKnownFileType = sourcecode.c.h; path = InngageAnimatedGIF.h; sourceTree = "<group>"; };
		31C8E4321FA741FD0011E376 /* InngageAnimatedGIF.m */ = {isa = PBXFileReference; lastKnownFileType = sourcecode.c.objc; path = InngageAnimatedGIF.m; sourceTree = "<group>"; };
		4F68653525C384E2002C7C2A /* HardwareManager.h */ = {isa = PBXFileReference; lastKnownFileType = sourcecode.c.h; path = HardwareManager.h; sourceTree = "<group>"; };
		4F68653625C384E2002C7C2A /* HardwareManager.m */ = {isa = PBXFileReference; lastKnownFileType = sourcecode.c.objc; path = HardwareManager.m; sourceTree = "<group>"; };
		4F68653D25C38696002C7C2A /* DeviceInformation.h */ = {isa = PBXFileReference; lastKnownFileType = sourcecode.c.h; path = DeviceInformation.h; sourceTree = "<group>"; };
		4F68653E25C38696002C7C2A /* DeviceInformation.m */ = {isa = PBXFileReference; lastKnownFileType = sourcecode.c.objc; path = DeviceInformation.m; sourceTree = "<group>"; };
		4F68654425C386F9002C7C2A /* DeviceInformationData.h */ = {isa = PBXFileReference; lastKnownFileType = sourcecode.c.h; path = DeviceInformationData.h; sourceTree = "<group>"; };
		4F68654525C386F9002C7C2A /* DeviceInformationData.m */ = {isa = PBXFileReference; lastKnownFileType = sourcecode.c.objc; path = DeviceInformationData.m; sourceTree = "<group>"; };
		4FB4B12925C38CD800B6047F /* AppManager.h */ = {isa = PBXFileReference; lastKnownFileType = sourcecode.c.h; path = AppManager.h; sourceTree = "<group>"; };
		4FB4B12A25C38CD800B6047F /* AppManager.m */ = {isa = PBXFileReference; lastKnownFileType = sourcecode.c.objc; path = AppManager.m; sourceTree = "<group>"; };
		4FB4B13425C3A06100B6047F /* ServiceManager.h */ = {isa = PBXFileReference; lastKnownFileType = sourcecode.c.h; path = ServiceManager.h; sourceTree = "<group>"; };
		4FB4B13525C3A06100B6047F /* ServiceManager.m */ = {isa = PBXFileReference; lastKnownFileType = sourcecode.c.objc; path = ServiceManager.m; sourceTree = "<group>"; };
		4FB4B13C25C3A6AD00B6047F /* AlertManager.h */ = {isa = PBXFileReference; lastKnownFileType = sourcecode.c.h; path = AlertManager.h; sourceTree = "<group>"; };
		4FB4B13D25C3A6AD00B6047F /* AlertManager.m */ = {isa = PBXFileReference; lastKnownFileType = sourcecode.c.objc; path = AlertManager.m; sourceTree = "<group>"; };
		4FB4B19525C4C84F00B6047F /* WebKit.framework */ = {isa = PBXFileReference; lastKnownFileType = wrapper.framework; name = WebKit.framework; path = Platforms/MacOSX.platform/Developer/SDKs/MacOSX11.1.sdk/System/iOSSupport/System/Library/Frameworks/WebKit.framework; sourceTree = DEVELOPER_DIR; };
		4FE2F38D25CA265E00079835 /* URLSchemeManager.h */ = {isa = PBXFileReference; lastKnownFileType = sourcecode.c.h; path = URLSchemeManager.h; sourceTree = "<group>"; };
		4FE2F38E25CA265E00079835 /* URLSchemeManager.m */ = {isa = PBXFileReference; lastKnownFileType = sourcecode.c.objc; path = URLSchemeManager.m; sourceTree = "<group>"; };
		4FE2F55E25CB761700079835 /* Config.xcconfig */ = {isa = PBXFileReference; lastKnownFileType = text.xcconfig; path = Config.xcconfig; sourceTree = "<group>"; };
		4FFEBD9025C6DBB100B717AD /* NotificationManager.h */ = {isa = PBXFileReference; lastKnownFileType = sourcecode.c.h; path = NotificationManager.h; sourceTree = "<group>"; };
		4FFEBD9125C6DBB100B717AD /* NotificationManager.m */ = {isa = PBXFileReference; lastKnownFileType = sourcecode.c.objc; path = NotificationManager.m; sourceTree = "<group>"; };
		4FFEBDA825C722E500B717AD /* ImageUtils.h */ = {isa = PBXFileReference; lastKnownFileType = sourcecode.c.h; path = ImageUtils.h; sourceTree = "<group>"; };
		4FFEBDA925C722E500B717AD /* ImageUtils.m */ = {isa = PBXFileReference; lastKnownFileType = sourcecode.c.objc; path = ImageUtils.m; sourceTree = "<group>"; };
		4FFEBDB225C7277F00B717AD /* MimeType.h */ = {isa = PBXFileReference; lastKnownFileType = sourcecode.c.h; path = MimeType.h; sourceTree = "<group>"; };
		4FFEBDB325C7277F00B717AD /* MimeType.m */ = {isa = PBXFileReference; lastKnownFileType = sourcecode.c.objc; path = MimeType.m; sourceTree = "<group>"; };
		4FFEBDC225C73F4500B717AD /* FileLocation.h */ = {isa = PBXFileReference; lastKnownFileType = sourcecode.c.h; path = FileLocation.h; sourceTree = "<group>"; };
		4FFEBDC325C73F4500B717AD /* FileLocation.m */ = {isa = PBXFileReference; lastKnownFileType = sourcecode.c.objc; path = FileLocation.m; sourceTree = "<group>"; };
		757B62331BEA62BD00C4A950 /* libInngageLibrary.a */ = {isa = PBXFileReference; explicitFileType = archive.ar; includeInIndex = 0; path = libInngageLibrary.a; sourceTree = BUILT_PRODUCTS_DIR; };
		757B625B1BEA713300C4A950 /* InngageLibrary-Resources.bundle */ = {isa = PBXFileReference; explicitFileType = wrapper.cfbundle; includeInIndex = 0; path = "InngageLibrary-Resources.bundle"; sourceTree = BUILT_PRODUCTS_DIR; };
/* End PBXFileReference section */

/* Begin PBXFrameworksBuildPhase section */
		757B62301BEA62BD00C4A950 /* Frameworks */ = {
			isa = PBXFrameworksBuildPhase;
			buildActionMask = 2147483647;
			files = (
				4FB4B19625C4C84F00B6047F /* WebKit.framework in Frameworks */,
			);
			runOnlyForDeploymentPostprocessing = 0;
		};
		757B62581BEA713300C4A950 /* Frameworks */ = {
			isa = PBXFrameworksBuildPhase;
			buildActionMask = 2147483647;
			files = (
			);
			runOnlyForDeploymentPostprocessing = 0;
		};
/* End PBXFrameworksBuildPhase section */

/* Begin PBXGroup section */
		31A52A261ED704AB00544871 /* InngageLibrary */ = {
			isa = PBXGroup;
			children = (
				4FE2F38C25CA264400079835 /* UrlSchemeManager */,
				4FFEBDA725C722D800B717AD /* ImageUtils */,
				4FB4B13B25C3A6A300B6047F /* AlertManager */,
				4FB4B13325C3A04700B6047F /* Service */,
				4FB4B12125C38B0E00B6047F /* AppInformation */,
				4F68653C25C3867F002C7C2A /* DeviceInformation */,
				4F68653425C384AD002C7C2A /* HardwareManager */,
				31A52A551ED70A2300544871 /* PushNotificationManager */,
				31A52A541ED70A1A00544871 /* ViewControllers */,
				31A52A531ED70A1300544871 /* Supporting Files */,
				31A52A521ED70A0700544871 /* Images */,
				31A52A281ED704AB00544871 /* Lib */,
				4FE2F55E25CB761700079835 /* Config.xcconfig */,
			);
			path = InngageLibrary;
			sourceTree = "<group>";
		};
		31A52A281ED704AB00544871 /* Lib */ = {
			isa = PBXGroup;
			children = (
				4FFEBD8F25C6DB8C00B717AD /* NotificationManager */,
				31C8E4301FA741FD0011E376 /* ConvertGif */,
				31A52A291ED704AB00544871 /* UIProgressView */,
			);
			path = Lib;
			sourceTree = "<group>";
		};
		31A52A291ED704AB00544871 /* UIProgressView */ = {
			isa = PBXGroup;
			children = (
				31A52A2A1ED704AB00544871 /* WebViewProgress.h */,
				31A52A2B1ED704AB00544871 /* WebViewProgress.m */,
				31A52A2C1ED704AB00544871 /* WebViewProgressView.h */,
				31A52A2D1ED704AB00544871 /* WebViewProgressView.m */,
			);
			path = UIProgressView;
			sourceTree = "<group>";
		};
		31A52A431ED7051F00544871 /* InngageLibraryResources */ = {
			isa = PBXGroup;
			children = (
				31A52A441ED7051F00544871 /* Info.plist */,
			);
			path = InngageLibraryResources;
			sourceTree = "<group>";
		};
		31A52A521ED70A0700544871 /* Images */ = {
			isa = PBXGroup;
			children = (
				31A52A271ED704AB00544871 /* ic_close_3x.png */,
			);
			name = Images;
			sourceTree = "<group>";
		};
		31A52A531ED70A1300544871 /* Supporting Files */ = {
			isa = PBXGroup;
			children = (
				31A52A2E1ED704AB00544871 /* PushNotificationManager-Prefix.pch */,
			);
			name = "Supporting Files";
			sourceTree = "<group>";
		};
		31A52A541ED70A1A00544871 /* ViewControllers */ = {
			isa = PBXGroup;
			children = (
				31A52A311ED704AB00544871 /* WebViewViewController.h */,
				31A52A321ED704AB00544871 /* WebViewViewController.m */,
				31A52A331ED704AB00544871 /* WebViewViewController.xib */,
			);
			name = ViewControllers;
			sourceTree = "<group>";
		};
		31A52A551ED70A2300544871 /* PushNotificationManager */ = {
			isa = PBXGroup;
			children = (
				31A52A2F1ED704AB00544871 /* PushNotificationManager.h */,
				31A52A301ED704AB00544871 /* PushNotificationManager.m */,
			);
			name = PushNotificationManager;
			sourceTree = "<group>";
		};
		31C8E4301FA741FD0011E376 /* ConvertGif */ = {
			isa = PBXGroup;
			children = (
				31C8E4311FA741FD0011E376 /* InngageAnimatedGIF.h */,
				31C8E4321FA741FD0011E376 /* InngageAnimatedGIF.m */,
			);
			path = ConvertGif;
			sourceTree = "<group>";
		};
		4F68653425C384AD002C7C2A /* HardwareManager */ = {
			isa = PBXGroup;
			children = (
				4F68653525C384E2002C7C2A /* HardwareManager.h */,
				4F68653625C384E2002C7C2A /* HardwareManager.m */,
			);
			name = HardwareManager;
			sourceTree = "<group>";
		};
		4F68653C25C3867F002C7C2A /* DeviceInformation */ = {
			isa = PBXGroup;
			children = (
				4F68653D25C38696002C7C2A /* DeviceInformation.h */,
				4F68653E25C38696002C7C2A /* DeviceInformation.m */,
				4F68654425C386F9002C7C2A /* DeviceInformationData.h */,
				4F68654525C386F9002C7C2A /* DeviceInformationData.m */,
			);
			name = DeviceInformation;
			sourceTree = "<group>";
		};
		4FB4B12125C38B0E00B6047F /* AppInformation */ = {
			isa = PBXGroup;
			children = (
				4FB4B12925C38CD800B6047F /* AppManager.h */,
				4FB4B12A25C38CD800B6047F /* AppManager.m */,
			);
			name = AppInformation;
			sourceTree = "<group>";
		};
		4FB4B13325C3A04700B6047F /* Service */ = {
			isa = PBXGroup;
			children = (
				4FB4B13425C3A06100B6047F /* ServiceManager.h */,
				4FB4B13525C3A06100B6047F /* ServiceManager.m */,
			);
			name = Service;
			sourceTree = "<group>";
		};
		4FB4B13B25C3A6A300B6047F /* AlertManager */ = {
			isa = PBXGroup;
			children = (
				4FB4B13C25C3A6AD00B6047F /* AlertManager.h */,
				4FB4B13D25C3A6AD00B6047F /* AlertManager.m */,
			);
			name = AlertManager;
			sourceTree = "<group>";
		};
		4FB4B19425C4C84F00B6047F /* Frameworks */ = {
			isa = PBXGroup;
			children = (
				4FB4B19525C4C84F00B6047F /* WebKit.framework */,
			);
			name = Frameworks;
			sourceTree = "<group>";
		};
		4FE2F38C25CA264400079835 /* UrlSchemeManager */ = {
			isa = PBXGroup;
			children = (
				4FE2F38D25CA265E00079835 /* URLSchemeManager.h */,
				4FE2F38E25CA265E00079835 /* URLSchemeManager.m */,
			);
			name = UrlSchemeManager;
			sourceTree = "<group>";
		};
		4FFEBD8F25C6DB8C00B717AD /* NotificationManager */ = {
			isa = PBXGroup;
			children = (
				4FFEBD9025C6DBB100B717AD /* NotificationManager.h */,
				4FFEBD9125C6DBB100B717AD /* NotificationManager.m */,
				4FFEBDC225C73F4500B717AD /* FileLocation.h */,
				4FFEBDC325C73F4500B717AD /* FileLocation.m */,
			);
			path = NotificationManager;
			sourceTree = "<group>";
		};
		4FFEBDA725C722D800B717AD /* ImageUtils */ = {
			isa = PBXGroup;
			children = (
				4FFEBDA825C722E500B717AD /* ImageUtils.h */,
				4FFEBDA925C722E500B717AD /* ImageUtils.m */,
				4FFEBDB225C7277F00B717AD /* MimeType.h */,
				4FFEBDB325C7277F00B717AD /* MimeType.m */,
			);
			name = ImageUtils;
			sourceTree = "<group>";
		};
		757B622A1BEA62BD00C4A950 = {
			isa = PBXGroup;
			children = (
				31A52A261ED704AB00544871 /* InngageLibrary */,
				757B62341BEA62BD00C4A950 /* Products */,
				31A52A431ED7051F00544871 /* InngageLibraryResources */,
				4FB4B19425C4C84F00B6047F /* Frameworks */,
			);
			sourceTree = "<group>";
		};
		757B62341BEA62BD00C4A950 /* Products */ = {
			isa = PBXGroup;
			children = (
				757B62331BEA62BD00C4A950 /* libInngageLibrary.a */,
				757B625B1BEA713300C4A950 /* InngageLibrary-Resources.bundle */,
			);
			name = Products;
			sourceTree = "<group>";
		};
/* End PBXGroup section */

/* Begin PBXHeadersBuildPhase section */
		757B62421BEA637500C4A950 /* Headers */ = {
			isa = PBXHeadersBuildPhase;
			buildActionMask = 2147483647;
			files = (
				4F68653725C384E2002C7C2A /* HardwareManager.h in Headers */,
				31A52A3C1ED704AB00544871 /* PushNotificationManager.h in Headers */,
				4FFEBDC425C73F4500B717AD /* FileLocation.h in Headers */,
				4FFEBDAA25C722E500B717AD /* ImageUtils.h in Headers */,
				4FFEBDB425C7277F00B717AD /* MimeType.h in Headers */,
				4FFEBD9225C6DBB200B717AD /* NotificationManager.h in Headers */,
				4FB4B13625C3A06100B6047F /* ServiceManager.h in Headers */,
				31C8E4341FA742100011E376 /* InngageAnimatedGIF.h in Headers */,
				4FB4B12B25C38CD800B6047F /* AppManager.h in Headers */,
				4FB4B13E25C3A6AD00B6047F /* AlertManager.h in Headers */,
				4F68653F25C38696002C7C2A /* DeviceInformation.h in Headers */,
				4FE2F38F25CA265E00079835 /* URLSchemeManager.h in Headers */,
				31A52A3F1ED704AB00544871 /* WebViewViewController.h in Headers */,
				4F68654625C386F9002C7C2A /* DeviceInformationData.h in Headers */,
				31A52A381ED704AB00544871 /* WebViewProgressView.h in Headers */,
				31A52A351ED704AB00544871 /* WebViewProgress.h in Headers */,
			);
			runOnlyForDeploymentPostprocessing = 0;
		};
/* End PBXHeadersBuildPhase section */

/* Begin PBXNativeTarget section */
		757B62321BEA62BD00C4A950 /* InngageLibrary */ = {
			isa = PBXNativeTarget;
			buildConfigurationList = 757B623C1BEA62BD00C4A950 /* Build configuration list for PBXNativeTarget "InngageLibrary" */;
			buildPhases = (
				757B622F1BEA62BD00C4A950 /* Sources */,
				757B62301BEA62BD00C4A950 /* Frameworks */,
				757B62311BEA62BD00C4A950 /* Copy Files */,
				757B62421BEA637500C4A950 /* Headers */,
				B15532001D22E91F00E5F1A9 /* ShellScript */,
			);
			buildRules = (
			);
			dependencies = (
			);
			name = InngageLibrary;
			productName = CarteiraDePagamento;
			productReference = 757B62331BEA62BD00C4A950 /* libInngageLibrary.a */;
			productType = "com.apple.product-type.library.static";
		};
		757B625A1BEA713300C4A950 /* InngageLibraryResources */ = {
			isa = PBXNativeTarget;
			buildConfigurationList = 757B625E1BEA713400C4A950 /* Build configuration list for PBXNativeTarget "InngageLibraryResources" */;
			buildPhases = (
				757B62571BEA713300C4A950 /* Sources */,
				757B62581BEA713300C4A950 /* Frameworks */,
				757B62591BEA713300C4A950 /* Resources */,
			);
			buildRules = (
			);
			dependencies = (
			);
			name = InngageLibraryResources;
			productName = PagSeguroResources;
			productReference = 757B625B1BEA713300C4A950 /* InngageLibrary-Resources.bundle */;
			productType = "com.apple.product-type.bundle";
		};
/* End PBXNativeTarget section */

/* Begin PBXProject section */
		757B622B1BEA62BD00C4A950 /* Project object */ = {
			isa = PBXProject;
			attributes = {
				LastUpgradeCheck = 0900;
				ORGANIZATIONNAME = PagSeguro;
				TargetAttributes = {
					757B62321BEA62BD00C4A950 = {
						CreatedOnToolsVersion = 7.1;
					};
					757B625A1BEA713300C4A950 = {
						CreatedOnToolsVersion = 7.1;
					};
					7FEDA1B51C57EB57004C7A36 = {
						CreatedOnToolsVersion = 7.2;
					};
				};
			};
			buildConfigurationList = 757B622E1BEA62BD00C4A950 /* Build configuration list for PBXProject "InngageLibrary" */;
			compatibilityVersion = "Xcode 3.2";
			developmentRegion = English;
			hasScannedForEncodings = 0;
			knownRegions = (
				English,
				en,
			);
			mainGroup = 757B622A1BEA62BD00C4A950;
			productRefGroup = 757B62341BEA62BD00C4A950 /* Products */;
			projectDirPath = "";
			projectRoot = "";
			targets = (
				757B62321BEA62BD00C4A950 /* InngageLibrary */,
				757B625A1BEA713300C4A950 /* InngageLibraryResources */,
				7FEDA1B51C57EB57004C7A36 /* Framework */,
			);
		};
/* End PBXProject section */

/* Begin PBXResourcesBuildPhase section */
		757B62591BEA713300C4A950 /* Resources */ = {
			isa = PBXResourcesBuildPhase;
			buildActionMask = 2147483647;
			files = (
				31A52A421ED704AB00544871 /* WebViewViewController.xib in Resources */,
				4FE2F55F25CB761700079835 /* Config.xcconfig in Resources */,
				31A52A341ED704AB00544871 /* ic_close_3x.png in Resources */,
			);
			runOnlyForDeploymentPostprocessing = 0;
		};
/* End PBXResourcesBuildPhase section */

/* Begin PBXShellScriptBuildPhase section */
		7FEDA1BB1C57EB78004C7A36 /* ShellScript */ = {
			isa = PBXShellScriptBuildPhase;
			buildActionMask = 2147483647;
			files = (
			);
			inputPaths = (
			);
			outputPaths = (
			);
			runOnlyForDeploymentPostprocessing = 0;
			shellPath = /bin/sh;
			shellScript = "\n[ -d \"Framework\" ] || mkdir \"Framework\"\n\nset -e\n\n# If we're already inside this script then die\nif [ -n \"$RW_MULTIPLATFORM_BUILD_IN_PROGRESS\" ]; then\nexit 0\nfi\nexport RW_MULTIPLATFORM_BUILD_IN_PROGRESS=1\n\nRW_FRAMEWORK_NAME=${PROJECT_NAME}\nRW_INPUT_STATIC_LIB=\"lib${PROJECT_NAME}.a\"\nRW_FRAMEWORK_LOCATION=\"${BUILT_PRODUCTS_DIR}/${RW_FRAMEWORK_NAME}.framework\"\n\nfunction build_static_library {\n    # Will rebuild the static library as specified\n    #     build_static_library sdk\n    xcrun xcodebuild -project \"${PROJECT_FILE_PATH}\" \\\n    -target \"${TARGET_NAME}\" \\\n    -configuration \"${CONFIGURATION}\" \\\n    -sdk \"${1}\" \\\n    ONLY_ACTIVE_ARCH=YES \\\n    BUILD_DIR=\"${BUILD_DIR}\" \\\n    OBJROOT=\"${OBJROOT}/DependentBuilds\" \\\n    BUILD_ROOT=\"${BUILD_ROOT}\" \\\n    SYMROOT=\"${SYMROOT}\" $ACTION \\\n    EXCLUDED_ARCHS=\"arm64\"\n}\n\nfunction build_static_library_exclude {\n    # Will rebuild the static library as specified\n    #     build_static_library sdk\n    xcrun xcodebuild -project \"${PROJECT_FILE_PATH}\" \\\n    -target \"${TARGET_NAME}\" \\\n    -configuration \"${CONFIGURATION}\" \\\n    -sdk \"${1}\" \\\n    ONLY_ACTIVE_ARCH=YES \\\n    BUILD_DIR=\"${BUILD_DIR}\" \\\n    OBJROOT=\"${OBJROOT}/DependentBuilds\" \\\n    BUILD_ROOT=\"${BUILD_ROOT}\" \\\n    SYMROOT=\"${SYMROOT}\" $ACTION \n    \n}\n\nfunction make_fat_library {\n    # Will smash 2 static libs together\n    #     make_fat_library in1 in2 out\n    xcrun lipo -create \"${1}\" \"${2}\" -output \"${3}\"\n}\n\n# 1 - Extract the platform (iphoneos/iphonesimulator) from the SDK name\nif [[ \"$SDK_NAME\" =~ ([A-Za-z]+) ]]; then\nRW_SDK_PLATFORM=${BASH_REMATCH[1]}\nelse\necho \"Could not find platform name from SDK_NAME: $SDK_NAME\"\nexit 1\nfi\n\n# 2 - Extract the version from the SDK\nif [[ \"$SDK_NAME\" =~ ([0-9]+.*$) ]]; then\nRW_SDK_VERSION=${BASH_REMATCH[1]}\nelse\necho \"Could not find sdk version from SDK_NAME: $SDK_NAME\"\nexit 1\nfi\n\n# 3 - Determine the other platform\nif [ \"$RW_SDK_PLATFORM\" == \"iphoneos\" ]; then\nRW_OTHER_PLATFORM=iphonesimulator\nelse\nRW_OTHER_PLATFORM=iphoneos\nfi\n\n# 4 - Find the build directory\nif [[ \"$BUILT_PRODUCTS_DIR\" =~ (.*)$RW_SDK_PLATFORM$ ]]; then\nRW_OTHER_BUILT_PRODUCTS_DIR=\"${BASH_REMATCH[1]}${RW_OTHER_PLATFORM}\"\nelse\necho \"Could not find other platform build directory.\"\nexit 1\nfi\n\n# Build the other platform.\nbuild_static_library \"${RW_OTHER_PLATFORM}${RW_SDK_VERSION}\"\n\n# If we're currently building for iphonesimulator, then need to rebuild\n#   to ensure that we get both i386 and x86_64\nif [ \"$RW_SDK_PLATFORM\" == \"iphonesimulator\" ]; then\nbuild_static_library_exclude \"${SDK_NAME}\"\nlipo -remove arm64 \"$BUILD_DIR/${CONFIGURATION}-iphonesimulator/${PRODUCT_NAME}/${PROJECT_NAME}\" -output \"$BUILD_DIR/${CONFIGURATION}-iphonesimulator/${PRODUCT_NAME}/${PROJECT_NAME}\"\nfi\n\n# Join the 2 static libs into 1 and push into the .framework\nmake_fat_library \"${BUILT_PRODUCTS_DIR}/${RW_INPUT_STATIC_LIB}\" \\\n\"${RW_OTHER_BUILT_PRODUCTS_DIR}/${RW_INPUT_STATIC_LIB}\" \\\n\"${RW_FRAMEWORK_LOCATION}/Versions/A/${RW_FRAMEWORK_NAME}\"\n\n# Ensure that the framework is present in both platform's build directories\ncp -a \"${RW_FRAMEWORK_LOCATION}/Versions/A/${RW_FRAMEWORK_NAME}\" \\\n\"${RW_OTHER_BUILT_PRODUCTS_DIR}/${RW_FRAMEWORK_NAME}.framework/Versions/A/${RW_FRAMEWORK_NAME}\"\n\ndir=\"${FRAMEWORK_COPY_DIR}/$(date +'%Y-%m-%d %H-%M-%S')\"\nmkdir \"$dir\"\ncp -R \"${BUILT_PRODUCTS_DIR}/${RW_FRAMEWORK_NAME}.framework\" \"$dir\"\ncp -R \"${BUILT_PRODUCTS_DIR}/${RW_FRAMEWORK_NAME}-Resources.bundle\" \"$dir\"\n\n";
		};
		B15532001D22E91F00E5F1A9 /* ShellScript */ = {
			isa = PBXShellScriptBuildPhase;
			buildActionMask = 2147483647;
			files = (
			);
			inputPaths = (
			);
			outputPaths = (
			);
			runOnlyForDeploymentPostprocessing = 0;
			shellPath = /bin/sh;
			shellScript = "set -e\n\nmkdir -p \"${BUILT_PRODUCTS_DIR}/${PRODUCT_NAME}.framework/Versions/A/Headers\"\n\n# Link the \"Current\" version to \"A\"\n/bin/ln -sfh A \"${BUILT_PRODUCTS_DIR}/${PRODUCT_NAME}.framework/Versions/Current\"\n/bin/ln -sfh Versions/Current/Headers \"${BUILT_PRODUCTS_DIR}/${PRODUCT_NAME}.framework/Headers\"\n/bin/ln -sfh \"Versions/Current/${PRODUCT_NAME}\" \"${BUILT_PRODUCTS_DIR}/${PRODUCT_NAME}.framework/${PRODUCT_NAME}\"\n\n# The -a ensures that the headers maintain the source modification date so that we don't constantly\n# cause propagating rebuilds of files that import these headers.\n/bin/cp -a \"${TARGET_BUILD_DIR}/${PUBLIC_HEADERS_FOLDER_PATH}/\" \"${BUILT_PRODUCTS_DIR}/${PRODUCT_NAME}.framework/Versions/A/Headers\"\n";
		};
/* End PBXShellScriptBuildPhase section */

/* Begin PBXSourcesBuildPhase section */
		757B622F1BEA62BD00C4A950 /* Sources */ = {
			isa = PBXSourcesBuildPhase;
			buildActionMask = 2147483647;
			files = (
				4FE2F39025CA265E00079835 /* URLSchemeManager.m in Sources */,
				31A52A361ED704AB00544871 /* WebViewProgress.m in Sources */,
				31C8E4331FA7420C0011E376 /* InngageAnimatedGIF.m in Sources */,
				4FB4B13F25C3A6AD00B6047F /* AlertManager.m in Sources */,
				4F68654725C386F9002C7C2A /* DeviceInformationData.m in Sources */,
				31A52A391ED704AB00544871 /* WebViewProgressView.m in Sources */,
				4FFEBDB525C7277F00B717AD /* MimeType.m in Sources */,
				4F68653825C384E2002C7C2A /* HardwareManager.m in Sources */,
				4FFEBD9325C6DBB200B717AD /* NotificationManager.m in Sources */,
				4F68654025C38696002C7C2A /* DeviceInformation.m in Sources */,
				31A52A401ED704AB00544871 /* WebViewViewController.m in Sources */,
				4FB4B13725C3A06100B6047F /* ServiceManager.m in Sources */,
				31A52A3D1ED704AB00544871 /* PushNotificationManager.m in Sources */,
				4FFEBDC525C73F4500B717AD /* FileLocation.m in Sources */,
				4FB4B12C25C38CD800B6047F /* AppManager.m in Sources */,
				4FFEBDAB25C722E500B717AD /* ImageUtils.m in Sources */,
			);
			runOnlyForDeploymentPostprocessing = 0;
		};
		757B62571BEA713300C4A950 /* Sources */ = {
			isa = PBXSourcesBuildPhase;
			buildActionMask = 2147483647;
			files = (
			);
			runOnlyForDeploymentPostprocessing = 0;
		};
/* End PBXSourcesBuildPhase section */

/* Begin PBXTargetDependency section */
		31A52A471ED705E000544871 /* PBXTargetDependency */ = {
			isa = PBXTargetDependency;
			target = 757B62321BEA62BD00C4A950 /* InngageLibrary */;
			targetProxy = 31A52A461ED705E000544871 /* PBXContainerItemProxy */;
		};
		31A52A491ED705E000544871 /* PBXTargetDependency */ = {
			isa = PBXTargetDependency;
			target = 757B625A1BEA713300C4A950 /* InngageLibraryResources */;
			targetProxy = 31A52A481ED705E000544871 /* PBXContainerItemProxy */;
		};
/* End PBXTargetDependency section */

/* Begin XCBuildConfiguration section */
		757B623A1BEA62BD00C4A950 /* Debug */ = {
			isa = XCBuildConfiguration;
			buildSettings = {
				ALWAYS_SEARCH_USER_PATHS = NO;
				CLANG_CXX_LANGUAGE_STANDARD = "gnu++0x";
				CLANG_CXX_LIBRARY = "libc++";
				CLANG_ENABLE_MODULES = YES;
				CLANG_ENABLE_OBJC_ARC = YES;
				CLANG_WARN_BLOCK_CAPTURE_AUTORELEASING = YES;
				CLANG_WARN_BOOL_CONVERSION = YES;
				CLANG_WARN_COMMA = YES;
				CLANG_WARN_CONSTANT_CONVERSION = YES;
				CLANG_WARN_DIRECT_OBJC_ISA_USAGE = YES_ERROR;
				CLANG_WARN_EMPTY_BODY = YES;
				CLANG_WARN_ENUM_CONVERSION = YES;
				CLANG_WARN_INFINITE_RECURSION = YES;
				CLANG_WARN_INT_CONVERSION = YES;
				CLANG_WARN_NON_LITERAL_NULL_CONVERSION = YES;
				CLANG_WARN_OBJC_LITERAL_CONVERSION = YES;
				CLANG_WARN_OBJC_ROOT_CLASS = YES_ERROR;
				CLANG_WARN_RANGE_LOOP_ANALYSIS = YES;
				CLANG_WARN_STRICT_PROTOTYPES = YES;
				CLANG_WARN_SUSPICIOUS_MOVE = YES;
				CLANG_WARN_UNREACHABLE_CODE = YES;
				CLANG_WARN__DUPLICATE_METHOD_MATCH = YES;
				"CODE_SIGN_IDENTITY[sdk=iphoneos*]" = "iPhone Developer";
				COPY_PHASE_STRIP = NO;
				DEBUG_INFORMATION_FORMAT = dwarf;
				ENABLE_STRICT_OBJC_MSGSEND = YES;
				ENABLE_TESTABILITY = YES;
				GCC_C_LANGUAGE_STANDARD = gnu99;
				GCC_DYNAMIC_NO_PIC = NO;
				GCC_NO_COMMON_BLOCKS = YES;
				GCC_OPTIMIZATION_LEVEL = 0;
				GCC_PREPROCESSOR_DEFINITIONS = (
					"DEBUG=1",
					"$(inherited)",
				);
				GCC_WARN_64_TO_32_BIT_CONVERSION = YES;
				GCC_WARN_ABOUT_RETURN_TYPE = YES_ERROR;
				GCC_WARN_UNDECLARED_SELECTOR = YES;
				GCC_WARN_UNINITIALIZED_AUTOS = YES_AGGRESSIVE;
				GCC_WARN_UNUSED_FUNCTION = YES;
				GCC_WARN_UNUSED_VARIABLE = YES;
				IPHONEOS_DEPLOYMENT_TARGET = 11.0;
				MTL_ENABLE_DEBUG_INFO = YES;
				ONLY_ACTIVE_ARCH = YES;
				SDKROOT = iphoneos;
				SKIP_INSTALL = YES;
			};
			name = Debug;
		};
		757B623B1BEA62BD00C4A950 /* Release */ = {
			isa = XCBuildConfiguration;
			buildSettings = {
				ALWAYS_SEARCH_USER_PATHS = NO;
				CLANG_CXX_LANGUAGE_STANDARD = "gnu++0x";
				CLANG_CXX_LIBRARY = "libc++";
				CLANG_ENABLE_MODULES = YES;
				CLANG_ENABLE_OBJC_ARC = YES;
				CLANG_WARN_BLOCK_CAPTURE_AUTORELEASING = YES;
				CLANG_WARN_BOOL_CONVERSION = YES;
				CLANG_WARN_COMMA = YES;
				CLANG_WARN_CONSTANT_CONVERSION = YES;
				CLANG_WARN_DIRECT_OBJC_ISA_USAGE = YES_ERROR;
				CLANG_WARN_EMPTY_BODY = YES;
				CLANG_WARN_ENUM_CONVERSION = YES;
				CLANG_WARN_INFINITE_RECURSION = YES;
				CLANG_WARN_INT_CONVERSION = YES;
				CLANG_WARN_NON_LITERAL_NULL_CONVERSION = YES;
				CLANG_WARN_OBJC_LITERAL_CONVERSION = YES;
				CLANG_WARN_OBJC_ROOT_CLASS = YES_ERROR;
				CLANG_WARN_RANGE_LOOP_ANALYSIS = YES;
				CLANG_WARN_STRICT_PROTOTYPES = YES;
				CLANG_WARN_SUSPICIOUS_MOVE = YES;
				CLANG_WARN_UNREACHABLE_CODE = YES;
				CLANG_WARN__DUPLICATE_METHOD_MATCH = YES;
				"CODE_SIGN_IDENTITY[sdk=iphoneos*]" = "iPhone Developer";
				COPY_PHASE_STRIP = NO;
				DEBUG_INFORMATION_FORMAT = "dwarf-with-dsym";
				ENABLE_NS_ASSERTIONS = NO;
				ENABLE_STRICT_OBJC_MSGSEND = YES;
				GCC_C_LANGUAGE_STANDARD = gnu99;
				GCC_NO_COMMON_BLOCKS = YES;
				GCC_WARN_64_TO_32_BIT_CONVERSION = YES;
				GCC_WARN_ABOUT_RETURN_TYPE = YES_ERROR;
				GCC_WARN_UNDECLARED_SELECTOR = YES;
				GCC_WARN_UNINITIALIZED_AUTOS = YES_AGGRESSIVE;
				GCC_WARN_UNUSED_FUNCTION = YES;
				GCC_WARN_UNUSED_VARIABLE = YES;
				IPHONEOS_DEPLOYMENT_TARGET = 11.0;
				MTL_ENABLE_DEBUG_INFO = NO;
				ONLY_ACTIVE_ARCH = NO;
				SDKROOT = iphoneos;
				SKIP_INSTALL = YES;
				VALIDATE_PRODUCT = YES;
			};
			name = Release;
		};
		757B623D1BEA62BD00C4A950 /* Debug */ = {
			isa = XCBuildConfiguration;
			buildSettings = {
				ALWAYS_SEARCH_USER_PATHS = YES;
				COPY_PHASE_STRIP = NO;
				DEAD_CODE_STRIPPING = NO;
				ENABLE_BITCODE = YES;
				EXCLUDED_ARCHS = "";
				FRAMEWORK_COPY_DIR = "$(SRCROOT)/Framework";
				FRAMEWORK_SEARCH_PATHS = "";
				GCC_PRECOMPILE_PREFIX_HEADER = YES;
				GCC_PREFIX_HEADER = "InngageLibrary/PushNotificationManager-Prefix.pch";
				GCC_SYMBOLS_PRIVATE_EXTERN = NO;
				HEADER_SEARCH_PATHS = "";
				LIBRARY_SEARCH_PATHS = "$(inherited)";
				ONLY_ACTIVE_ARCH = NO;
				OTHER_LDFLAGS = (
					"$(OTHER_LDFLAGS)",
					"$(inherited)",
					"-lc++",
					"-ObjC",
				);
				PRODUCT_NAME = InngageLibrary;
				PUBLIC_HEADERS_FOLDER_PATH = "$(PROJECT_NAME)Headers";
				SKIP_INSTALL = YES;
				STRIPFLAGS = "-R";
				STRIP_STYLE = "non-global";
				USER_HEADER_SEARCH_PATHS = "";
			};
			name = Debug;
		};
		757B623E1BEA62BD00C4A950 /* Release */ = {
			isa = XCBuildConfiguration;
			buildSettings = {
				ALWAYS_SEARCH_USER_PATHS = YES;
				COPY_PHASE_STRIP = NO;
				DEAD_CODE_STRIPPING = NO;
				ENABLE_BITCODE = YES;
				EXCLUDED_ARCHS = "";
				FRAMEWORK_COPY_DIR = "$(SRCROOT)/Framework";
				FRAMEWORK_SEARCH_PATHS = "";
				GCC_PRECOMPILE_PREFIX_HEADER = YES;
				GCC_PREFIX_HEADER = "InngageLibrary/PushNotificationManager-Prefix.pch";
				GCC_SYMBOLS_PRIVATE_EXTERN = NO;
				HEADER_SEARCH_PATHS = "";
				LIBRARY_SEARCH_PATHS = "$(inherited)";
				ONLY_ACTIVE_ARCH = NO;
				OTHER_LDFLAGS = (
					"$(OTHER_LDFLAGS)",
					"$(inherited)",
					"-lc++",
					"-ObjC",
				);
				PRODUCT_NAME = InngageLibrary;
				PUBLIC_HEADERS_FOLDER_PATH = "$(PROJECT_NAME)Headers";
				SKIP_INSTALL = YES;
				STRIPFLAGS = "-R";
				STRIP_STYLE = "non-global";
				USER_HEADER_SEARCH_PATHS = "";
			};
			name = Release;
		};
		757B625F1BEA713400C4A950 /* Debug */ = {
			isa = XCBuildConfiguration;
			buildSettings = {
				CODE_SIGN_IDENTITY = "-";
				ENABLE_BITCODE = YES;
				EXCLUDED_ARCHS = "";
				"EXCLUDED_ARCHS[sdk=iphonesimulator*]" = arm64;
				INFOPLIST_FILE = InngageLibraryResources/Info.plist;
				INSTALL_PATH = "$(LOCAL_LIBRARY_DIR)/Bundles";
				IPHONEOS_DEPLOYMENT_TARGET = 11.0;
				MACOSX_DEPLOYMENT_TARGET = 10.11;
				ONLY_ACTIVE_ARCH = NO;
				PRODUCT_BUNDLE_IDENTIFIER = br.com.inngage;
				PRODUCT_NAME = "InngageLibrary-Resources";
				SKIP_INSTALL = YES;
				WRAPPER_EXTENSION = bundle;
			};
			name = Debug;
		};
		757B62601BEA713400C4A950 /* Release */ = {
			isa = XCBuildConfiguration;
			buildSettings = {
				CODE_SIGN_IDENTITY = "-";
				COPY_PHASE_STRIP = NO;
				ENABLE_BITCODE = YES;
				EXCLUDED_ARCHS = "";
				"EXCLUDED_ARCHS[sdk=iphonesimulator*]" = arm64;
				INFOPLIST_FILE = InngageLibraryResources/Info.plist;
				INSTALL_PATH = "$(LOCAL_LIBRARY_DIR)/Bundles";
				IPHONEOS_DEPLOYMENT_TARGET = 11.0;
				MACOSX_DEPLOYMENT_TARGET = 10.11;
				ONLY_ACTIVE_ARCH = NO;
				PRODUCT_BUNDLE_IDENTIFIER = br.com.inngage;
				PRODUCT_NAME = "InngageLibrary-Resources";
				SKIP_INSTALL = YES;
				WRAPPER_EXTENSION = bundle;
			};
			name = Release;
		};
		7FEDA1B71C57EB58004C7A36 /* Debug */ = {
			isa = XCBuildConfiguration;
			buildSettings = {
				ENABLE_BITCODE = YES;
				EXCLUDED_ARCHS = "";
				"EXCLUDED_ARCHS[sdk=iphonesimulator*]" = arm64;
				FRAMEWORK_COPY_DIR = "$(SRCROOT)/Framework";
				ONLY_ACTIVE_ARCH = NO;
				PRODUCT_NAME = "$(TARGET_NAME)";
				USER_HEADER_SEARCH_PATHS = "";
			};
			name = Debug;
		};
		7FEDA1B81C57EB58004C7A36 /* Release */ = {
			isa = XCBuildConfiguration;
			buildSettings = {
				COPY_PHASE_STRIP = NO;
				ENABLE_BITCODE = YES;
				EXCLUDED_ARCHS = "";
				"EXCLUDED_ARCHS[sdk=iphonesimulator*]" = arm64;
				FRAMEWORK_COPY_DIR = "$(SRCROOT)/Framework";
				ONLY_ACTIVE_ARCH = NO;
				PRODUCT_NAME = "$(TARGET_NAME)";
				USER_HEADER_SEARCH_PATHS = "";
			};
			name = Release;
		};
/* End XCBuildConfiguration section */

/* Begin XCConfigurationList section */
		757B622E1BEA62BD00C4A950 /* Build configuration list for PBXProject "InngageLibrary" */ = {
			isa = XCConfigurationList;
			buildConfigurations = (
				757B623A1BEA62BD00C4A950 /* Debug */,
				757B623B1BEA62BD00C4A950 /* Release */,
			);
			defaultConfigurationIsVisible = 0;
			defaultConfigurationName = Debug;
		};
		757B623C1BEA62BD00C4A950 /* Build configuration list for PBXNativeTarget "InngageLibrary" */ = {
			isa = XCConfigurationList;
			buildConfigurations = (
				757B623D1BEA62BD00C4A950 /* Debug */,
				757B623E1BEA62BD00C4A950 /* Release */,
			);
			defaultConfigurationIsVisible = 0;
			defaultConfigurationName = Debug;
		};
		757B625E1BEA713400C4A950 /* Build configuration list for PBXNativeTarget "InngageLibraryResources" */ = {
			isa = XCConfigurationList;
			buildConfigurations = (
				757B625F1BEA713400C4A950 /* Debug */,
				757B62601BEA713400C4A950 /* Release */,
			);
			defaultConfigurationIsVisible = 0;
			defaultConfigurationName = Debug;
		};
		7FEDA1B61C57EB58004C7A36 /* Build configuration list for PBXAggregateTarget "Framework" */ = {
			isa = XCConfigurationList;
			buildConfigurations = (
				7FEDA1B71C57EB58004C7A36 /* Debug */,
				7FEDA1B81C57EB58004C7A36 /* Release */,
			);
			defaultConfigurationIsVisible = 0;
			defaultConfigurationName = Debug;
		};
/* End XCConfigurationList section */
	};
	rootObject = 757B622B1BEA62BD00C4A950 /* Project object */;
}
